
Microsoft Visual Studio Solution File, Format Version 11.00
# Visual Studio 2010
Project("{FAE04EC0-301F-11D3-BF4B-00C04F79EFBC}") = "Assembly-CSharp", "Assembly-CSharp.csproj", "{53c3c19d-b4e2-d78c-a0d3-054c9d73f09f}"
EndProject
Project("{FAE04EC0-301F-11D3-BF4B-00C04F79EFBC}") = "PhotonRealtime", "PhotonRealtime.csproj", "{1c6c2c64-c30c-581f-f2eb-f49940b746e9}"
EndProject
Project("{FAE04EC0-301F-11D3-BF4B-00C04F79EFBC}") = "PhotonUnityNetworking", "PhotonUnityNetworking.csproj", "{cb69929f-777b-d0f5-e6ce-a60e6a6eb7bf}"
EndProject
Project("{FAE04EC0-301F-11D3-BF4B-00C04F79EFBC}") = "PhotonUnityNetworking.Utilities", "PhotonUnityNetworking.Utilities.csproj", "{5f6401ac-1edf-5261-85e6-8908756a9d16}"
EndProject
Project("{FAE04EC0-301F-11D3-BF4B-00C04F79EFBC}") = "PhotonChat", "PhotonChat.csproj", "{b9af9a72-aa5e-877c-3207-169a3a073e30}"
EndProject
Project("{FAE04EC0-301F-11D3-BF4B-00C04F79EFBC}") = "PhotonUnityNetworking.Editor", "PhotonUnityNetworking.Editor.csproj", "{851094a4-32ae-3b91-dd48-8e4df6f06d55}"
EndProject
Project("{FAE04EC0-301F-11D3-BF4B-00C04F79EFBC}") = "Assembly-CSharp-Editor", "Assembly-CSharp-Editor.csproj", "{150b56a2-86b3-1259-d652-688a289196b9}"
EndProject
Project("{FAE04EC0-301F-11D3-BF4B-00C04F79EFBC}") = "PhotonUnityNetworking.Utilities.PhotonPlayer.Editor", "PhotonUnityNetworking.Utilities.PhotonPlayer.Editor.csproj", "{b49336d4-52f5-4c86-c010-293ea58b8f26}"
EndProject
Project("{FAE04EC0-301F-11D3-BF4B-00C04F79EFBC}") = "PhotonUnityNetworking.Utilities.Culling.Editor", "PhotonUnityNetworking.Utilities.Culling.Editor.csproj", "{d615036e-9196-05e2-79de-0bf94fd09c32}"
EndProject
Global
	GlobalSection(SolutionConfigurationPlatforms) = preSolution
		Debug|Any CPU = Debug|Any CPU
	EndGlobalSection
	GlobalSection(ProjectConfigurationPlatforms) = postSolution
		{53c3c19d-b4e2-d78c-a0d3-054c9d73f09f}.Debug|Any CPU.ActiveCfg = Debug|Any CPU
		{53c3c19d-b4e2-d78c-a0d3-054c9d73f09f}.Debug|Any CPU.Build.0 = Debug|Any CPU
		{1c6c2c64-c30c-581f-f2eb-f49940b746e9}.Debug|Any CPU.ActiveCfg = Debug|Any CPU
		{1c6c2c64-c30c-581f-f2eb-f49940b746e9}.Debug|Any CPU.Build.0 = Debug|Any CPU
		{cb69929f-777b-d0f5-e6ce-a60e6a6eb7bf}.Debug|Any CPU.ActiveCfg = Debug|Any CPU
		{cb69929f-777b-d0f5-e6ce-a60e6a6eb7bf}.Debug|Any CPU.Build.0 = Debug|Any CPU
		{5f6401ac-1edf-5261-85e6-8908756a9d16}.Debug|Any CPU.ActiveCfg = Debug|Any CPU
		{5f6401ac-1edf-5261-85e6-8908756a9d16}.Debug|Any CPU.Build.0 = Debug|Any CPU
		{b9af9a72-aa5e-877c-3207-169a3a073e30}.Debug|Any CPU.ActiveCfg = Debug|Any CPU
		{b9af9a72-aa5e-877c-3207-169a3a073e30}.Debug|Any CPU.Build.0 = Debug|Any CPU
		{851094a4-32ae-3b91-dd48-8e4df6f06d55}.Debug|Any CPU.ActiveCfg = Debug|Any CPU
		{851094a4-32ae-3b91-dd48-8e4df6f06d55}.Debug|Any CPU.Build.0 = Debug|Any CPU
		{150b56a2-86b3-1259-d652-688a289196b9}.Debug|Any CPU.ActiveCfg = Debug|Any CPU
		{150b56a2-86b3-1259-d652-688a289196b9}.Debug|Any CPU.Build.0 = Debug|Any CPU
		{b49336d4-52f5-4c86-c010-293ea58b8f26}.Debug|Any CPU.ActiveCfg = Debug|Any CPU
		{b49336d4-52f5-4c86-c010-293ea58b8f26}.Debug|Any CPU.Build.0 = Debug|Any CPU
		{d615036e-9196-05e2-79de-0bf94fd09c32}.Debug|Any CPU.ActiveCfg = Debug|Any CPU
		{d615036e-9196-05e2-79de-0bf94fd09c32}.Debug|Any CPU.Build.0 = Debug|Any CPU
	EndGlobalSection
	GlobalSection(SolutionProperties) = preSolution
		HideSolutionNode = FALSE
	EndGlobalSection
EndGlobal
